
Microsoft Visual Studio Solution File, Format Version 12.00
# Visual Studio Version 17
VisualStudioVersion = 17.5.33424.131
MinimumVisualStudioVersion = 10.0.40219.1
Project("{9A19103F-16F7-4668-BE54-9A1E7A4F7556}") = "CompanyEmployees", "CompanyEmployees\CompanyEmployees.csproj", "{89D2E8D8-1446-4B48-AA35-D4A38081EA37}"
EndProject
Project("{9A19103F-16F7-4668-BE54-9A1E7A4F7556}") = "Contracts", "Contracts\Contracts.csproj", "{4821BE37-39AF-4739-9705-2B77B2BCF222}"
EndProject
Project("{9A19103F-16F7-4668-BE54-9A1E7A4F7556}") = "LoggerService", "LoggerService\LoggerService.csproj", "{D82CFC7A-45FF-4EA9-8777-63A7C72DF6B3}"
EndProject
Project("{9A19103F-16F7-4668-BE54-9A1E7A4F7556}") = "Entities", "Entities\Entities.csproj", "{AB3BD2D8-B407-46B9-9FF0-DB6F428E1A85}"
EndProject
Project("{9A19103F-16F7-4668-BE54-9A1E7A4F7556}") = "Repository", "Repository\Repository.csproj", "{29BEC27F-636F-4517-B0B5-DB10E8DF657A}"
EndProject
Project("{9A19103F-16F7-4668-BE54-9A1E7A4F7556}") = "Service.Contracts", "Service.Contracts\Service.Contracts.csproj", "{38D76846-AC08-4E3C-8B39-78CAD62C68EC}"
EndProject
Project("{9A19103F-16F7-4668-BE54-9A1E7A4F7556}") = "Service", "Service\Service.csproj", "{90EA79F8-73E4-4A84-828F-6E92400D59B2}"
EndProject
Project("{FAE04EC0-301F-11D3-BF4B-00C04F79EFBC}") = "CompanyEmployees.Presentation", "CompanyEmployees.Presentation\CompanyEmployees.Presentation.csproj", "{530B1786-AB0C-4DD9-8BF5-2C8D9EBA2C48}"
EndProject
Project("{FAE04EC0-301F-11D3-BF4B-00C04F79EFBC}") = "Shared", "Shared\Shared.csproj", "{AAE03E22-929C-4954-A870-AC65163D0ECE}"
EndProject
Global
	GlobalSection(SolutionConfigurationPlatforms) = preSolution
		Debug|Any CPU = Debug|Any CPU
		Release|Any CPU = Release|Any CPU
	EndGlobalSection
	GlobalSection(ProjectConfigurationPlatforms) = postSolution
		{89D2E8D8-1446-4B48-AA35-D4A38081EA37}.Debug|Any CPU.ActiveCfg = Debug|Any CPU
		{89D2E8D8-1446-4B48-AA35-D4A38081EA37}.Debug|Any CPU.Build.0 = Debug|Any CPU
		{89D2E8D8-1446-4B48-AA35-D4A38081EA37}.Release|Any CPU.ActiveCfg = Release|Any CPU
		{89D2E8D8-1446-4B48-AA35-D4A38081EA37}.Release|Any CPU.Build.0 = Release|Any CPU
		{4821BE37-39AF-4739-9705-2B77B2BCF222}.Debug|Any CPU.ActiveCfg = Debug|Any CPU
		{4821BE37-39AF-4739-9705-2B77B2BCF222}.Debug|Any CPU.Build.0 = Debug|Any CPU
		{4821BE37-39AF-4739-9705-2B77B2BCF222}.Release|Any CPU.ActiveCfg = Release|Any CPU
		{4821BE37-39AF-4739-9705-2B77B2BCF222}.Release|Any CPU.Build.0 = Release|Any CPU
		{D82CFC7A-45FF-4EA9-8777-63A7C72DF6B3}.Debug|Any CPU.ActiveCfg = Debug|Any CPU
		{D82CFC7A-45FF-4EA9-8777-63A7C72DF6B3}.Debug|Any CPU.Build.0 = Debug|Any CPU
		{D82CFC7A-45FF-4EA9-8777-63A7C72DF6B3}.Release|Any CPU.ActiveCfg = Release|Any CPU
		{D82CFC7A-45FF-4EA9-8777-63A7C72DF6B3}.Release|Any CPU.Build.0 = Release|Any CPU
		{AB3BD2D8-B407-46B9-9FF0-DB6F428E1A85}.Debug|Any CPU.ActiveCfg = Debug|Any CPU
		{AB3BD2D8-B407-46B9-9FF0-DB6F428E1A85}.Debug|Any CPU.Build.0 = Debug|Any CPU
		{AB3BD2D8-B407-46B9-9FF0-DB6F428E1A85}.Release|Any CPU.ActiveCfg = Release|Any CPU
		{AB3BD2D8-B407-46B9-9FF0-DB6F428E1A85}.Release|Any CPU.Build.0 = Release|Any CPU
		{29BEC27F-636F-4517-B0B5-DB10E8DF657A}.Debug|Any CPU.ActiveCfg = Debug|Any CPU
		{29BEC27F-636F-4517-B0B5-DB10E8DF657A}.Debug|Any CPU.Build.0 = Debug|Any CPU
		{29BEC27F-636F-4517-B0B5-DB10E8DF657A}.Release|Any CPU.ActiveCfg = Release|Any CPU
		{29BEC27F-636F-4517-B0B5-DB10E8DF657A}.Release|Any CPU.Build.0 = Release|Any CPU
		{38D76846-AC08-4E3C-8B39-78CAD62C68EC}.Debug|Any CPU.ActiveCfg = Debug|Any CPU
		{38D76846-AC08-4E3C-8B39-78CAD62C68EC}.Debug|Any CPU.Build.0 = Debug|Any CPU
		{38D76846-AC08-4E3C-8B39-78CAD62C68EC}.Release|Any CPU.ActiveCfg = Release|Any CPU
		{38D76846-AC08-4E3C-8B39-78CAD62C68EC}.Release|Any CPU.Build.0 = Release|Any CPU
		{90EA79F8-73E4-4A84-828F-6E92400D59B2}.Debug|Any CPU.ActiveCfg = Debug|Any CPU
		{90EA79F8-73E4-4A84-828F-6E92400D59B2}.Debug|Any CPU.Build.0 = Debug|Any CPU
		{90EA79F8-73E4-4A84-828F-6E92400D59B2}.Release|Any CPU.ActiveCfg = Release|Any CPU
		{90EA79F8-73E4-4A84-828F-6E92400D59B2}.Release|Any CPU.Build.0 = Release|Any CPU
		{530B1786-AB0C-4DD9-8BF5-2C8D9EBA2C48}.Debug|Any CPU.ActiveCfg = Debug|Any CPU
		{530B1786-AB0C-4DD9-8BF5-2C8D9EBA2C48}.Debug|Any CPU.Build.0 = Debug|Any CPU
		{530B1786-AB0C-4DD9-8BF5-2C8D9EBA2C48}.Release|Any CPU.ActiveCfg = Release|Any CPU
		{530B1786-AB0C-4DD9-8BF5-2C8D9EBA2C48}.Release|Any CPU.Build.0 = Release|Any CPU
		{AAE03E22-929C-4954-A870-AC65163D0ECE}.Debug|Any CPU.ActiveCfg = Debug|Any CPU
		{AAE03E22-929C-4954-A870-AC65163D0ECE}.Debug|Any CPU.Build.0 = Debug|Any CPU
		{AAE03E22-929C-4954-A870-AC65163D0ECE}.Release|Any CPU.ActiveCfg = Release|Any CPU
		{AAE03E22-929C-4954-A870-AC65163D0ECE}.Release|Any CPU.Build.0 = Release|Any CPU
	EndGlobalSection
	GlobalSection(SolutionProperties) = preSolution
		HideSolutionNode = FALSE
	EndGlobalSection
	GlobalSection(ExtensibilityGlobals) = postSolution
		SolutionGuid = {5BF375D2-9614-41A9-9347-D0880CFEDC13}
	EndGlobalSection
EndGlobal
